
Microsoft Visual Studio Solution File, Format Version 12.00
# Visual Studio Version 17
VisualStudioVersion = 17.0.31903.59
MinimumVisualStudioVersion = 10.0.40219.1
Project("{2150E333-8FDC-42A3-9474-1A3956D46DE8}") = "src", "src", "{827E0CD3-B72D-47B6-A68D-7590B98EB39B}"
EndProject
Project("{FAE04EC0-301F-11D3-BF4B-00C04F79EFBC}") = "ModelRigStudio.App", "src\ModelRigStudio.App\ModelRigStudio.App.csproj", "{EA601D11-6DE6-4DFC-9E08-A2175698AF04}"
EndProject
Project("{FAE04EC0-301F-11D3-BF4B-00C04F79EFBC}") = "ModelRigStudio.Core", "src\ModelRigStudio.Core\ModelRigStudio.Core.csproj", "{F40A8361-34B3-4F74-8F59-16F8180B73D9}"
EndProject
Project("{FAE04EC0-301F-11D3-BF4B-00C04F79EFBC}") = "ModelRigStudio.Render", "src\ModelRigStudio.Render\ModelRigStudio.Render.csproj", "{D8ED1DD0-87A2-4E4B-8B64-D2301D0250E9}"
EndProject
Project("{FAE04EC0-301F-11D3-BF4B-00C04F79EFBC}") = "ModelRigStudio.ImportExport", "src\ModelRigStudio.ImportExport\ModelRigStudio.ImportExport.csproj", "{13FE4434-9AD7-4413-99A4-1BFDE8DD3C3D}"
EndProject
Project("{FAE04EC0-301F-11D3-BF4B-00C04F79EFBC}") = "ModelRigStudio.Rigging", "src\ModelRigStudio.Rigging\ModelRigStudio.Rigging.csproj", "{1D23EC22-42E0-4DFB-92A5-3DD3E704E5F2}"
EndProject
Project("{FAE04EC0-301F-11D3-BF4B-00C04F79EFBC}") = "ModelRigStudio.Materials", "src\ModelRigStudio.Materials\ModelRigStudio.Materials.csproj", "{EEE6B119-0559-4E1E-A518-3DB68499BC7C}"
EndProject
Global
	GlobalSection(SolutionConfigurationPlatforms) = preSolution
		Debug|Any CPU = Debug|Any CPU
		Debug|x64 = Debug|x64
		Debug|x86 = Debug|x86
		Release|Any CPU = Release|Any CPU
		Release|x64 = Release|x64
		Release|x86 = Release|x86
	EndGlobalSection
	GlobalSection(ProjectConfigurationPlatforms) = postSolution
		{EA601D11-6DE6-4DFC-9E08-A2175698AF04}.Debug|Any CPU.ActiveCfg = Debug|Any CPU
		{EA601D11-6DE6-4DFC-9E08-A2175698AF04}.Debug|Any CPU.Build.0 = Debug|Any CPU
		{EA601D11-6DE6-4DFC-9E08-A2175698AF04}.Debug|x64.ActiveCfg = Debug|Any CPU
		{EA601D11-6DE6-4DFC-9E08-A2175698AF04}.Debug|x64.Build.0 = Debug|Any CPU
		{EA601D11-6DE6-4DFC-9E08-A2175698AF04}.Debug|x86.ActiveCfg = Debug|Any CPU
		{EA601D11-6DE6-4DFC-9E08-A2175698AF04}.Debug|x86.Build.0 = Debug|Any CPU
		{EA601D11-6DE6-4DFC-9E08-A2175698AF04}.Release|Any CPU.ActiveCfg = Release|Any CPU
		{EA601D11-6DE6-4DFC-9E08-A2175698AF04}.Release|Any CPU.Build.0 = Release|Any CPU
		{EA601D11-6DE6-4DFC-9E08-A2175698AF04}.Release|x64.ActiveCfg = Release|Any CPU
		{EA601D11-6DE6-4DFC-9E08-A2175698AF04}.Release|x64.Build.0 = Release|Any CPU
		{EA601D11-6DE6-4DFC-9E08-A2175698AF04}.Release|x86.ActiveCfg = Release|Any CPU
		{EA601D11-6DE6-4DFC-9E08-A2175698AF04}.Release|x86.Build.0 = Release|Any CPU
		{F40A8361-34B3-4F74-8F59-16F8180B73D9}.Debug|Any CPU.ActiveCfg = Debug|Any CPU
		{F40A8361-34B3-4F74-8F59-16F8180B73D9}.Debug|Any CPU.Build.0 = Debug|Any CPU
		{F40A8361-34B3-4F74-8F59-16F8180B73D9}.Debug|x64.ActiveCfg = Debug|Any CPU
		{F40A8361-34B3-4F74-8F59-16F8180B73D9}.Debug|x64.Build.0 = Debug|Any CPU
		{F40A8361-34B3-4F74-8F59-16F8180B73D9}.Debug|x86.ActiveCfg = Debug|Any CPU
		{F40A8361-34B3-4F74-8F59-16F8180B73D9}.Debug|x86.Build.0 = Debug|Any CPU
		{F40A8361-34B3-4F74-8F59-16F8180B73D9}.Release|Any CPU.ActiveCfg = Release|Any CPU
		{F40A8361-34B3-4F74-8F59-16F8180B73D9}.Release|Any CPU.Build.0 = Release|Any CPU
		{F40A8361-34B3-4F74-8F59-16F8180B73D9}.Release|x64.ActiveCfg = Release|Any CPU
		{F40A8361-34B3-4F74-8F59-16F8180B73D9}.Release|x64.Build.0 = Release|Any CPU
		{F40A8361-34B3-4F74-8F59-16F8180B73D9}.Release|x86.ActiveCfg = Release|Any CPU
		{F40A8361-34B3-4F74-8F59-16F8180B73D9}.Release|x86.Build.0 = Release|Any CPU
		{D8ED1DD0-87A2-4E4B-8B64-D2301D0250E9}.Debug|Any CPU.ActiveCfg = Debug|Any CPU
		{D8ED1DD0-87A2-4E4B-8B64-D2301D0250E9}.Debug|Any CPU.Build.0 = Debug|Any CPU
		{D8ED1DD0-87A2-4E4B-8B64-D2301D0250E9}.Debug|x64.ActiveCfg = Debug|Any CPU
		{D8ED1DD0-87A2-4E4B-8B64-D2301D0250E9}.Debug|x64.Build.0 = Debug|Any CPU
		{D8ED1DD0-87A2-4E4B-8B64-D2301D0250E9}.Debug|x86.ActiveCfg = Debug|Any CPU
		{D8ED1DD0-87A2-4E4B-8B64-D2301D0250E9}.Debug|x86.Build.0 = Debug|Any CPU
		{D8ED1DD0-87A2-4E4B-8B64-D2301D0250E9}.Release|Any CPU.ActiveCfg = Release|Any CPU
		{D8ED1DD0-87A2-4E4B-8B64-D2301D0250E9}.Release|Any CPU.Build.0 = Release|Any CPU
		{D8ED1DD0-87A2-4E4B-8B64-D2301D0250E9}.Release|x64.ActiveCfg = Release|Any CPU
		{D8ED1DD0-87A2-4E4B-8B64-D2301D0250E9}.Release|x64.Build.0 = Release|Any CPU
		{D8ED1DD0-87A2-4E4B-8B64-D2301D0250E9}.Release|x86.ActiveCfg = Release|Any CPU
		{D8ED1DD0-87A2-4E4B-8B64-D2301D0250E9}.Release|x86.Build.0 = Release|Any CPU
		{13FE4434-9AD7-4413-99A4-1BFDE8DD3C3D}.Debug|Any CPU.ActiveCfg = Debug|Any CPU
		{13FE4434-9AD7-4413-99A4-1BFDE8DD3C3D}.Debug|Any CPU.Build.0 = Debug|Any CPU
		{13FE4434-9AD7-4413-99A4-1BFDE8DD3C3D}.Debug|x64.ActiveCfg = Debug|Any CPU
		{13FE4434-9AD7-4413-99A4-1BFDE8DD3C3D}.Debug|x64.Build.0 = Debug|Any CPU
		{13FE4434-9AD7-4413-99A4-1BFDE8DD3C3D}.Debug|x86.ActiveCfg = Debug|Any CPU
		{13FE4434-9AD7-4413-99A4-1BFDE8DD3C3D}.Debug|x86.Build.0 = Debug|Any CPU
		{13FE4434-9AD7-4413-99A4-1BFDE8DD3C3D}.Release|Any CPU.ActiveCfg = Release|Any CPU
		{13FE4434-9AD7-4413-99A4-1BFDE8DD3C3D}.Release|Any CPU.Build.0 = Release|Any CPU
		{13FE4434-9AD7-4413-99A4-1BFDE8DD3C3D}.Release|x64.ActiveCfg = Release|Any CPU
		{13FE4434-9AD7-4413-99A4-1BFDE8DD3C3D}.Release|x64.Build.0 = Release|Any CPU
		{13FE4434-9AD7-4413-99A4-1BFDE8DD3C3D}.Release|x86.ActiveCfg = Release|Any CPU
		{13FE4434-9AD7-4413-99A4-1BFDE8DD3C3D}.Release|x86.Build.0 = Release|Any CPU
		{1D23EC22-42E0-4DFB-92A5-3DD3E704E5F2}.Debug|Any CPU.ActiveCfg = Debug|Any CPU
		{1D23EC22-42E0-4DFB-92A5-3DD3E704E5F2}.Debug|Any CPU.Build.0 = Debug|Any CPU
		{1D23EC22-42E0-4DFB-92A5-3DD3E704E5F2}.Debug|x64.ActiveCfg = Debug|Any CPU
		{1D23EC22-42E0-4DFB-92A5-3DD3E704E5F2}.Debug|x64.Build.0 = Debug|Any CPU
		{1D23EC22-42E0-4DFB-92A5-3DD3E704E5F2}.Debug|x86.ActiveCfg = Debug|Any CPU
		{1D23EC22-42E0-4DFB-92A5-3DD3E704E5F2}.Debug|x86.Build.0 = Debug|Any CPU
		{1D23EC22-42E0-4DFB-92A5-3DD3E704E5F2}.Release|Any CPU.ActiveCfg = Release|Any CPU
		{1D23EC22-42E0-4DFB-92A5-3DD3E704E5F2}.Release|Any CPU.Build.0 = Release|Any CPU
		{1D23EC22-42E0-4DFB-92A5-3DD3E704E5F2}.Release|x64.ActiveCfg = Release|Any CPU
		{1D23EC22-42E0-4DFB-92A5-3DD3E704E5F2}.Release|x64.Build.0 = Release|Any CPU
		{1D23EC22-42E0-4DFB-92A5-3DD3E704E5F2}.Release|x86.ActiveCfg = Release|Any CPU
		{1D23EC22-42E0-4DFB-92A5-3DD3E704E5F2}.Release|x86.Build.0 = Release|Any CPU
		{EEE6B119-0559-4E1E-A518-3DB68499BC7C}.Debug|Any CPU.ActiveCfg = Debug|Any CPU
		{EEE6B119-0559-4E1E-A518-3DB68499BC7C}.Debug|Any CPU.Build.0 = Debug|Any CPU
		{EEE6B119-0559-4E1E-A518-3DB68499BC7C}.Debug|x64.ActiveCfg = Debug|Any CPU
		{EEE6B119-0559-4E1E-A518-3DB68499BC7C}.Debug|x64.Build.0 = Debug|Any CPU
		{EEE6B119-0559-4E1E-A518-3DB68499BC7C}.Debug|x86.ActiveCfg = Debug|Any CPU
		{EEE6B119-0559-4E1E-A518-3DB68499BC7C}.Debug|x86.Build.0 = Debug|Any CPU
		{EEE6B119-0559-4E1E-A518-3DB68499BC7C}.Release|Any CPU.ActiveCfg = Release|Any CPU
		{EEE6B119-0559-4E1E-A518-3DB68499BC7C}.Release|Any CPU.Build.0 = Release|Any CPU
		{EEE6B119-0559-4E1E-A518-3DB68499BC7C}.Release|x64.ActiveCfg = Release|Any CPU
		{EEE6B119-0559-4E1E-A518-3DB68499BC7C}.Release|x64.Build.0 = Release|Any CPU
		{EEE6B119-0559-4E1E-A518-3DB68499BC7C}.Release|x86.ActiveCfg = Release|Any CPU
		{EEE6B119-0559-4E1E-A518-3DB68499BC7C}.Release|x86.Build.0 = Release|Any CPU
	EndGlobalSection
	GlobalSection(SolutionProperties) = preSolution
		HideSolutionNode = FALSE
	EndGlobalSection
	GlobalSection(NestedProjects) = preSolution
		{EA601D11-6DE6-4DFC-9E08-A2175698AF04} = {827E0CD3-B72D-47B6-A68D-7590B98EB39B}
		{F40A8361-34B3-4F74-8F59-16F8180B73D9} = {827E0CD3-B72D-47B6-A68D-7590B98EB39B}
		{D8ED1DD0-87A2-4E4B-8B64-D2301D0250E9} = {827E0CD3-B72D-47B6-A68D-7590B98EB39B}
		{13FE4434-9AD7-4413-99A4-1BFDE8DD3C3D} = {827E0CD3-B72D-47B6-A68D-7590B98EB39B}
		{1D23EC22-42E0-4DFB-92A5-3DD3E704E5F2} = {827E0CD3-B72D-47B6-A68D-7590B98EB39B}
		{EEE6B119-0559-4E1E-A518-3DB68499BC7C} = {827E0CD3-B72D-47B6-A68D-7590B98EB39B}
	EndGlobalSection
EndGlobal
